// !$*UTF8*$!
{
	archiveVersion = 1;
	classes = {
	};
	objectVersion = 56;
	objects = {

/* Begin PBXBuildFile section */
		457508C12A88F4F4006B00AD /* swiftproposalsApp.swift in Sources */ = {isa = PBXBuildFile; fileRef = 457508C02A88F4F4006B00AD /* swiftproposalsApp.swift */; };
		457508C32A88F4F4006B00AD /* ContentView.swift in Sources */ = {isa = PBXBuildFile; fileRef = 457508C22A88F4F4006B00AD /* ContentView.swift */; };
		457508C52A88F4F8006B00AD /* Assets.xcassets in Resources */ = {isa = PBXBuildFile; fileRef = 457508C42A88F4F8006B00AD /* Assets.xcassets */; };
		457508C92A88F4F8006B00AD /* Preview Assets.xcassets in Resources */ = {isa = PBXBuildFile; fileRef = 457508C82A88F4F8006B00AD /* Preview Assets.xcassets */; };
		457508D32A88F4F8006B00AD /* swiftproposalsTests.swift in Sources */ = {isa = PBXBuildFile; fileRef = 457508D22A88F4F8006B00AD /* swiftproposalsTests.swift */; };
		457508DD2A88F4F8006B00AD /* swiftproposalsUITests.swift in Sources */ = {isa = PBXBuildFile; fileRef = 457508DC2A88F4F8006B00AD /* swiftproposalsUITests.swift */; };
		457508DF2A88F4F8006B00AD /* swiftproposalsUITestsLaunchTests.swift in Sources */ = {isa = PBXBuildFile; fileRef = 457508DE2A88F4F8006B00AD /* swiftproposalsUITestsLaunchTests.swift */; };
		457508ED2A88F60C006B00AD /* model.swift in Sources */ = {isa = PBXBuildFile; fileRef = 457508EC2A88F60C006B00AD /* model.swift */; };
/* End PBXBuildFile section */

/* Begin PBXContainerItemProxy section */
		457508CF2A88F4F8006B00AD /* PBXContainerItemProxy */ = {
			isa = PBXContainerItemProxy;
			containerPortal = 457508B52A88F4F4006B00AD /* Project object */;
			proxyType = 1;
			remoteGlobalIDString = 457508BC2A88F4F4006B00AD;
			remoteInfo = swiftproposals;
		};
		457508D92A88F4F8006B00AD /* PBXContainerItemProxy */ = {
			isa = PBXContainerItemProxy;
			containerPortal = 457508B52A88F4F4006B00AD /* Project object */;
			proxyType = 1;
			remoteGlobalIDString = 457508BC2A88F4F4006B00AD;
			remoteInfo = swiftproposals;
		};
/* End PBXContainerItemProxy section */

/* Begin PBXFileReference section */
		457508BD2A88F4F4006B00AD /* swiftproposals.app */ = {isa = PBXFileReference; explicitFileType = wrapper.application; includeInIndex = 0; path = swiftproposals.app; sourceTree = BUILT_PRODUCTS_DIR; };
		457508C02A88F4F4006B00AD /* swiftproposalsApp.swift */ = {isa = PBXFileReference; lastKnownFileType = sourcecode.swift; path = swiftproposalsApp.swift; sourceTree = "<group>"; };
		457508C22A88F4F4006B00AD /* ContentView.swift */ = {isa = PBXFileReference; lastKnownFileType = sourcecode.swift; path = ContentView.swift; sourceTree = "<group>"; };
		457508C42A88F4F8006B00AD /* Assets.xcassets */ = {isa = PBXFileReference; lastKnownFileType = folder.assetcatalog; path = Assets.xcassets; sourceTree = "<group>"; };
		457508C62A88F4F8006B00AD /* swiftproposals.entitlements */ = {isa = PBXFileReference; lastKnownFileType = text.plist.entitlements; path = swiftproposals.entitlements; sourceTree = "<group>"; };
		457508C82A88F4F8006B00AD /* Preview Assets.xcassets */ = {isa = PBXFileReference; lastKnownFileType = folder.assetcatalog; path = "Preview Assets.xcassets"; sourceTree = "<group>"; };
		457508CE2A88F4F8006B00AD /* swiftproposalsTests.xctest */ = {isa = PBXFileReference; explicitFileType = wrapper.cfbundle; includeInIndex = 0; path = swiftproposalsTests.xctest; sourceTree = BUILT_PRODUCTS_DIR; };
		457508D22A88F4F8006B00AD /* swiftproposalsTests.swift */ = {isa = PBXFileReference; lastKnownFileType = sourcecode.swift; path = swiftproposalsTests.swift; sourceTree = "<group>"; };
		457508D82A88F4F8006B00AD /* swiftproposalsUITests.xctest */ = {isa = PBXFileReference; explicitFileType = wrapper.cfbundle; includeInIndex = 0; path = swiftproposalsUITests.xctest; sourceTree = BUILT_PRODUCTS_DIR; };
		457508DC2A88F4F8006B00AD /* swiftproposalsUITests.swift */ = {isa = PBXFileReference; lastKnownFileType = sourcecode.swift; path = swiftproposalsUITests.swift; sourceTree = "<group>"; };
		457508DE2A88F4F8006B00AD /* swiftproposalsUITestsLaunchTests.swift */ = {isa = PBXFileReference; lastKnownFileType = sourcecode.swift; path = swiftproposalsUITestsLaunchTests.swift; sourceTree = "<group>"; };
		457508EC2A88F60C006B00AD /* model.swift */ = {isa = PBXFileReference; lastKnownFileType = sourcecode.swift; path = model.swift; sourceTree = "<group>"; };
/* End PBXFileReference section */

/* Begin PBXFrameworksBuildPhase section */
		457508BA2A88F4F4006B00AD /* Frameworks */ = {
			isa = PBXFrameworksBuildPhase;
			buildActionMask = 2147483647;
			files = (
			);
			runOnlyForDeploymentPostprocessing = 0;
		};
		457508CB2A88F4F8006B00AD /* Frameworks */ = {
			isa = PBXFrameworksBuildPhase;
			buildActionMask = 2147483647;
			files = (
			);
			runOnlyForDeploymentPostprocessing = 0;
		};
		457508D52A88F4F8006B00AD /* Frameworks */ = {
			isa = PBXFrameworksBuildPhase;
			buildActionMask = 2147483647;
			files = (
			);
			runOnlyForDeploymentPostprocessing = 0;
		};
/* End PBXFrameworksBuildPhase section */

/* Begin PBXGroup section */
		457508B42A88F4F4006B00AD = {
			isa = PBXGroup;
			children = (
				457508BF2A88F4F4006B00AD /* swiftproposals */,
				457508D12A88F4F8006B00AD /* swiftproposalsTests */,
				457508DB2A88F4F8006B00AD /* swiftproposalsUITests */,
				457508BE2A88F4F4006B00AD /* Products */,
			);
			sourceTree = "<group>";
		};
		457508BE2A88F4F4006B00AD /* Products */ = {
			isa = PBXGroup;
			children = (
				457508BD2A88F4F4006B00AD /* swiftproposals.app */,
				457508CE2A88F4F8006B00AD /* swiftproposalsTests.xctest */,
				457508D82A88F4F8006B00AD /* swiftproposalsUITests.xctest */,
			);
			name = Products;
			sourceTree = "<group>";
		};
		457508BF2A88F4F4006B00AD /* swiftproposals */ = {
			isa = PBXGroup;
			children = (
				457508EB2A88F5B9006B00AD /* iiOS */,
				457508C02A88F4F4006B00AD /* swiftproposalsApp.swift */,
				457508C22A88F4F4006B00AD /* ContentView.swift */,
				457508EC2A88F60C006B00AD /* model.swift */,
				457508C42A88F4F8006B00AD /* Assets.xcassets */,
				457508C62A88F4F8006B00AD /* swiftproposals.entitlements */,
				457508C72A88F4F8006B00AD /* Preview Content */,
			);
			path = swiftproposals;
			sourceTree = "<group>";
		};
		457508C72A88F4F8006B00AD /* Preview Content */ = {
			isa = PBXGroup;
			children = (
				457508C82A88F4F8006B00AD /* Preview Assets.xcassets */,
			);
			path = "Preview Content";
			sourceTree = "<group>";
		};
		457508D12A88F4F8006B00AD /* swiftproposalsTests */ = {
			isa = PBXGroup;
			children = (
				457508D22A88F4F8006B00AD /* swiftproposalsTests.swift */,
			);
			path = swiftproposalsTests;
			sourceTree = "<group>";
		};
		457508DB2A88F4F8006B00AD /* swiftproposalsUITests */ = {
			isa = PBXGroup;
			children = (
				457508DC2A88F4F8006B00AD /* swiftproposalsUITests.swift */,
				457508DE2A88F4F8006B00AD /* swiftproposalsUITestsLaunchTests.swift */,
			);
			path = swiftproposalsUITests;
			sourceTree = "<group>";
		};
		457508EB2A88F5B9006B00AD /* iiOS */ = {
			isa = PBXGroup;
			children = (
			);
			path = iiOS;
			sourceTree = "<group>";
		};
/* End PBXGroup section */

/* Begin PBXNativeTarget section */
		457508BC2A88F4F4006B00AD /* swiftproposals */ = {
			isa = PBXNativeTarget;
			buildConfigurationList = 457508E22A88F4F8006B00AD /* Build configuration list for PBXNativeTarget "swiftproposals" */;
			buildPhases = (
				457508B92A88F4F4006B00AD /* Sources */,
				457508BA2A88F4F4006B00AD /* Frameworks */,
				457508BB2A88F4F4006B00AD /* Resources */,
			);
			buildRules = (
			);
			dependencies = (
			);
			name = swiftproposals;
			productName = swiftproposals;
			productReference = 457508BD2A88F4F4006B00AD /* swiftproposals.app */;
			productType = "com.apple.product-type.application";
		};
		457508CD2A88F4F8006B00AD /* swiftproposalsTests */ = {
			isa = PBXNativeTarget;
			buildConfigurationList = 457508E52A88F4F8006B00AD /* Build configuration list for PBXNativeTarget "swiftproposalsTests" */;
			buildPhases = (
				457508CA2A88F4F8006B00AD /* Sources */,
				457508CB2A88F4F8006B00AD /* Frameworks */,
				457508CC2A88F4F8006B00AD /* Resources */,
			);
			buildRules = (
			);
			dependencies = (
				457508D02A88F4F8006B00AD /* PBXTargetDependency */,
			);
			name = swiftproposalsTests;
			productName = swiftproposalsTests;
			productReference = 457508CE2A88F4F8006B00AD /* swiftproposalsTests.xctest */;
			productType = "com.apple.product-type.bundle.unit-test";
		};
		457508D72A88F4F8006B00AD /* swiftproposalsUITests */ = {
			isa = PBXNativeTarget;
			buildConfigurationList = 457508E82A88F4F8006B00AD /* Build configuration list for PBXNativeTarget "swiftproposalsUITests" */;
			buildPhases = (
				457508D42A88F4F8006B00AD /* Sources */,
				457508D52A88F4F8006B00AD /* Frameworks */,
				457508D62A88F4F8006B00AD /* Resources */,
			);
			buildRules = (
			);
			dependencies = (
				457508DA2A88F4F8006B00AD /* PBXTargetDependency */,
			);
			name = swiftproposalsUITests;
			productName = swiftproposalsUITests;
			productReference = 457508D82A88F4F8006B00AD /* swiftproposalsUITests.xctest */;
			productType = "com.apple.product-type.bundle.ui-testing";
		};
/* End PBXNativeTarget section */

/* Begin PBXProject section */
		457508B52A88F4F4006B00AD /* Project object */ = {
			isa = PBXProject;
			attributes = {
				BuildIndependentTargetsInParallel = 1;
				LastSwiftUpdateCheck = 1500;
				LastUpgradeCheck = 1500;
				TargetAttributes = {
					457508BC2A88F4F4006B00AD = {
						CreatedOnToolsVersion = 15.0;
					};
					457508CD2A88F4F8006B00AD = {
						CreatedOnToolsVersion = 15.0;
						TestTargetID = 457508BC2A88F4F4006B00AD;
					};
					457508D72A88F4F8006B00AD = {
						CreatedOnToolsVersion = 15.0;
						TestTargetID = 457508BC2A88F4F4006B00AD;
					};
				};
			};
			buildConfigurationList = 457508B82A88F4F4006B00AD /* Build configuration list for PBXProject "swiftproposals" */;
			compatibilityVersion = "Xcode 14.0";
			developmentRegion = en;
			hasScannedForEncodings = 0;
			knownRegions = (
				en,
				Base,
			);
			mainGroup = 457508B42A88F4F4006B00AD;
			productRefGroup = 457508BE2A88F4F4006B00AD /* Products */;
			projectDirPath = "";
			projectRoot = "";
			targets = (
				457508BC2A88F4F4006B00AD /* swiftproposals */,
				457508CD2A88F4F8006B00AD /* swiftproposalsTests */,
				457508D72A88F4F8006B00AD /* swiftproposalsUITests */,
			);
		};
/* End PBXProject section */

/* Begin PBXResourcesBuildPhase section */
		457508BB2A88F4F4006B00AD /* Resources */ = {
			isa = PBXResourcesBuildPhase;
			buildActionMask = 2147483647;
			files = (
				457508C92A88F4F8006B00AD /* Preview Assets.xcassets in Resources */,
				457508C52A88F4F8006B00AD /* Assets.xcassets in Resources */,
			);
			runOnlyForDeploymentPostprocessing = 0;
		};
		457508CC2A88F4F8006B00AD /* Resources */ = {
			isa = PBXResourcesBuildPhase;
			buildActionMask = 2147483647;
			files = (
			);
			runOnlyForDeploymentPostprocessing = 0;
		};
		457508D62A88F4F8006B00AD /* Resources */ = {
			isa = PBXResourcesBuildPhase;
			buildActionMask = 2147483647;
			files = (
			);
			runOnlyForDeploymentPostprocessing = 0;
		};
/* End PBXResourcesBuildPhase section */

/* Begin PBXSourcesBuildPhase section */
		457508B92A88F4F4006B00AD /* Sources */ = {
			isa = PBXSourcesBuildPhase;
			buildActionMask = 2147483647;
			files = (
				457508C32A88F4F4006B00AD /* ContentView.swift in Sources */,
				457508ED2A88F60C006B00AD /* model.swift in Sources */,
				457508C12A88F4F4006B00AD /* swiftproposalsApp.swift in Sources */,
			);
			runOnlyForDeploymentPostprocessing = 0;
		};
		457508CA2A88F4F8006B00AD /* Sources */ = {
			isa = PBXSourcesBuildPhase;
			buildActionMask = 2147483647;
			files = (
				457508D32A88F4F8006B00AD /* swiftproposalsTests.swift in Sources */,
			);
			runOnlyForDeploymentPostprocessing = 0;
		};
		457508D42A88F4F8006B00AD /* Sources */ = {
			isa = PBXSourcesBuildPhase;
			buildActionMask = 2147483647;
			files = (
				457508DF2A88F4F8006B00AD /* swiftproposalsUITestsLaunchTests.swift in Sources */,
				457508DD2A88F4F8006B00AD /* swiftproposalsUITests.swift in Sources */,
			);
			runOnlyForDeploymentPostprocessing = 0;
		};
/* End PBXSourcesBuildPhase section */

/* Begin PBXTargetDependency section */
		457508D02A88F4F8006B00AD /* PBXTargetDependency */ = {
			isa = PBXTargetDependency;
			target = 457508BC2A88F4F4006B00AD /* swiftproposals */;
			targetProxy = 457508CF2A88F4F8006B00AD /* PBXContainerItemProxy */;
		};
		457508DA2A88F4F8006B00AD /* PBXTargetDependency */ = {
			isa = PBXTargetDependency;
			target = 457508BC2A88F4F4006B00AD /* swiftproposals */;
			targetProxy = 457508D92A88F4F8006B00AD /* PBXContainerItemProxy */;
		};
/* End PBXTargetDependency section */

/* Begin XCBuildConfiguration section */
		457508E02A88F4F8006B00AD /* Debug */ = {
			isa = XCBuildConfiguration;
			buildSettings = {
				ALWAYS_SEARCH_USER_PATHS = NO;
				ASSETCATALOG_COMPILER_GENERATE_SWIFT_ASSET_SYMBOL_EXTENSIONS = YES;
				CLANG_ANALYZER_NONNULL = YES;
				CLANG_ANALYZER_NUMBER_OBJECT_CONVERSION = YES_AGGRESSIVE;
				CLANG_CXX_LANGUAGE_STANDARD = "gnu++20";
				CLANG_ENABLE_MODULES = YES;
				CLANG_ENABLE_OBJC_ARC = YES;
				CLANG_ENABLE_OBJC_WEAK = YES;
				CLANG_WARN_BLOCK_CAPTURE_AUTORELEASING = YES;
				CLANG_WARN_BOOL_CONVERSION = YES;
				CLANG_WARN_COMMA = YES;
				CLANG_WARN_CONSTANT_CONVERSION = YES;
				CLANG_WARN_DEPRECATED_OBJC_IMPLEMENTATIONS = YES;
				CLANG_WARN_DIRECT_OBJC_ISA_USAGE = YES_ERROR;
				CLANG_WARN_DOCUMENTATION_COMMENTS = YES;
				CLANG_WARN_EMPTY_BODY = YES;
				CLANG_WARN_ENUM_CONVERSION = YES;
				CLANG_WARN_INFINITE_RECURSION = YES;
				CLANG_WARN_INT_CONVERSION = YES;
				CLANG_WARN_NON_LITERAL_NULL_CONVERSION = YES;
				CLANG_WARN_OBJC_IMPLICIT_RETAIN_SELF = YES;
				CLANG_WARN_OBJC_LITERAL_CONVERSION = YES;
				CLANG_WARN_OBJC_ROOT_CLASS = YES_ERROR;
				CLANG_WARN_QUOTED_INCLUDE_IN_FRAMEWORK_HEADER = YES;
				CLANG_WARN_RANGE_LOOP_ANALYSIS = YES;
				CLANG_WARN_STRICT_PROTOTYPES = YES;
				CLANG_WARN_SUSPICIOUS_MOVE = YES;
				CLANG_WARN_UNGUARDED_AVAILABILITY = YES_AGGRESSIVE;
				CLANG_WARN_UNREACHABLE_CODE = YES;
				CLANG_WARN__DUPLICATE_METHOD_MATCH = YES;
				COPY_PHASE_STRIP = NO;
				DEBUG_INFORMATION_FORMAT = dwarf;
				ENABLE_STRICT_OBJC_MSGSEND = YES;
				ENABLE_TESTABILITY = YES;
				ENABLE_USER_SCRIPT_SANDBOXING = YES;
				GCC_C_LANGUAGE_STANDARD = gnu17;
				GCC_DYNAMIC_NO_PIC = NO;
				GCC_NO_COMMON_BLOCKS = YES;
				GCC_OPTIMIZATION_LEVEL = 0;
				GCC_PREPROCESSOR_DEFINITIONS = (
					"DEBUG=1",
					"$(inherited)",
				);
				GCC_WARN_64_TO_32_BIT_CONVERSION = YES;
				GCC_WARN_ABOUT_RETURN_TYPE = YES_ERROR;
				GCC_WARN_UNDECLARED_SELECTOR = YES;
				GCC_WARN_UNINITIALIZED_AUTOS = YES_AGGRESSIVE;
				GCC_WARN_UNUSED_FUNCTION = YES;
				GCC_WARN_UNUSED_VARIABLE = YES;
				LOCALIZATION_PREFERS_STRING_CATALOGS = YES;
				MTL_ENABLE_DEBUG_INFO = INCLUDE_SOURCE;
				MTL_FAST_MATH = YES;
				ONLY_ACTIVE_ARCH = YES;
				SWIFT_ACTIVE_COMPILATION_CONDITIONS = "DEBUG $(inherited)";
				SWIFT_OPTIMIZATION_LEVEL = "-Onone";
			};
			name = Debug;
		};
		457508E12A88F4F8006B00AD /* Release */ = {
			isa = XCBuildConfiguration;
			buildSettings = {
				ALWAYS_SEARCH_USER_PATHS = NO;
				ASSETCATALOG_COMPILER_GENERATE_SWIFT_ASSET_SYMBOL_EXTENSIONS = YES;
				CLANG_ANALYZER_NONNULL = YES;
				CLANG_ANALYZER_NUMBER_OBJECT_CONVERSION = YES_AGGRESSIVE;
				CLANG_CXX_LANGUAGE_STANDARD = "gnu++20";
				CLANG_ENABLE_MODULES = YES;
				CLANG_ENABLE_OBJC_ARC = YES;
				CLANG_ENABLE_OBJC_WEAK = YES;
				CLANG_WARN_BLOCK_CAPTURE_AUTORELEASING = YES;
				CLANG_WARN_BOOL_CONVERSION = YES;
				CLANG_WARN_COMMA = YES;
				CLANG_WARN_CONSTANT_CONVERSION = YES;
				CLANG_WARN_DEPRECATED_OBJC_IMPLEMENTATIONS = YES;
				CLANG_WARN_DIRECT_OBJC_ISA_USAGE = YES_ERROR;
				CLANG_WARN_DOCUMENTATION_COMMENTS = YES;
				CLANG_WARN_EMPTY_BODY = YES;
				CLANG_WARN_ENUM_CONVERSION = YES;
				CLANG_WARN_INFINITE_RECURSION = YES;
				CLANG_WARN_INT_CONVERSION = YES;
				CLANG_WARN_NON_LITERAL_NULL_CONVERSION = YES;
				CLANG_WARN_OBJC_IMPLICIT_RETAIN_SELF = YES;
				CLANG_WARN_OBJC_LITERAL_CONVERSION = YES;
				CLANG_WARN_OBJC_ROOT_CLASS = YES_ERROR;
				CLANG_WARN_QUOTED_INCLUDE_IN_FRAMEWORK_HEADER = YES;
				CLANG_WARN_RANGE_LOOP_ANALYSIS = YES;
				CLANG_WARN_STRICT_PROTOTYPES = YES;
				CLANG_WARN_SUSPICIOUS_MOVE = YES;
				CLANG_WARN_UNGUARDED_AVAILABILITY = YES_AGGRESSIVE;
				CLANG_WARN_UNREACHABLE_CODE = YES;
				CLANG_WARN__DUPLICATE_METHOD_MATCH = YES;
				COPY_PHASE_STRIP = NO;
				DEBUG_INFORMATION_FORMAT = "dwarf-with-dsym";
				ENABLE_NS_ASSERTIONS = NO;
				ENABLE_STRICT_OBJC_MSGSEND = YES;
				ENABLE_USER_SCRIPT_SANDBOXING = YES;
				GCC_C_LANGUAGE_STANDARD = gnu17;
				GCC_NO_COMMON_BLOCKS = YES;
				GCC_WARN_64_TO_32_BIT_CONVERSION = YES;
				GCC_WARN_ABOUT_RETURN_TYPE = YES_ERROR;
				GCC_WARN_UNDECLARED_SELECTOR = YES;
				GCC_WARN_UNINITIALIZED_AUTOS = YES_AGGRESSIVE;
				GCC_WARN_UNUSED_FUNCTION = YES;
				GCC_WARN_UNUSED_VARIABLE = YES;
				LOCALIZATION_PREFERS_STRING_CATALOGS = YES;
				MTL_ENABLE_DEBUG_INFO = NO;
				MTL_FAST_MATH = YES;
				SWIFT_COMPILATION_MODE = wholemodule;
			};
			name = Release;
		};
		457508E32A88F4F8006B00AD /* Debug */ = {
			isa = XCBuildConfiguration;
			buildSettings = {
				ASSETCATALOG_COMPILER_APPICON_NAME = AppIcon;
				ASSETCATALOG_COMPILER_GLOBAL_ACCENT_COLOR_NAME = AccentColor;
				CODE_SIGN_ENTITLEMENTS = swiftproposals/swiftproposals.entitlements;
				CODE_SIGN_STYLE = Automatic;
				CURRENT_PROJECT_VERSION = 1;
				DEVELOPMENT_ASSET_PATHS = "\"swiftproposals/Preview Content\"";
				DEVELOPMENT_TEAM = GGXD5E6AF8;
				ENABLE_HARDENED_RUNTIME = YES;
				ENABLE_PREVIEWS = YES;
				GENERATE_INFOPLIST_FILE = YES;
				"INFOPLIST_KEY_UIApplicationSceneManifest_Generation[sdk=iphoneos*]" = YES;
				"INFOPLIST_KEY_UIApplicationSceneManifest_Generation[sdk=iphonesimulator*]" = YES;
				"INFOPLIST_KEY_UIApplicationSupportsIndirectInputEvents[sdk=iphoneos*]" = YES;
				"INFOPLIST_KEY_UIApplicationSupportsIndirectInputEvents[sdk=iphonesimulator*]" = YES;
				"INFOPLIST_KEY_UILaunchScreen_Generation[sdk=iphoneos*]" = YES;
				"INFOPLIST_KEY_UILaunchScreen_Generation[sdk=iphonesimulator*]" = YES;
				"INFOPLIST_KEY_UIStatusBarStyle[sdk=iphoneos*]" = UIStatusBarStyleDefault;
				"INFOPLIST_KEY_UIStatusBarStyle[sdk=iphonesimulator*]" = UIStatusBarStyleDefault;
				INFOPLIST_KEY_UISupportedInterfaceOrientations_iPad = "UIInterfaceOrientationPortrait UIInterfaceOrientationPortraitUpsideDown UIInterfaceOrientationLandscapeLeft UIInterfaceOrientationLandscapeRight";
				INFOPLIST_KEY_UISupportedInterfaceOrientations_iPhone = "UIInterfaceOrientationPortrait UIInterfaceOrientationLandscapeLeft UIInterfaceOrientationLandscapeRight";
				IPHONEOS_DEPLOYMENT_TARGET = 17.0;
				LD_RUNPATH_SEARCH_PATHS = "@executable_path/Frameworks";
				"LD_RUNPATH_SEARCH_PATHS[sdk=macosx*]" = "@executable_path/../Frameworks";
				MACOSX_DEPLOYMENT_TARGET = 13.4;
				MARKETING_VERSION = 1.0;
				PRODUCT_BUNDLE_IDENTIFIER = laurentb.com.swiftproposals;
				PRODUCT_NAME = "$(TARGET_NAME)";
				SDKROOT = auto;
				SUPPORTED_PLATFORMS = "iphoneos iphonesimulator macosx";
				SWIFT_EMIT_LOC_STRINGS = YES;
				SWIFT_VERSION = 5.0;
				TARGETED_DEVICE_FAMILY = "1,2";
			};
			name = Debug;
		};
		457508E42A88F4F8006B00AD /* Release */ = {
			isa = XCBuildConfiguration;
			buildSettings = {
				ASSETCATALOG_COMPILER_APPICON_NAME = AppIcon;
				ASSETCATALOG_COMPILER_GLOBAL_ACCENT_COLOR_NAME = AccentColor;
				CODE_SIGN_ENTITLEMENTS = swiftproposals/swiftproposals.entitlements;
				CODE_SIGN_STYLE = Automatic;
				CURRENT_PROJECT_VERSION = 1;
				DEVELOPMENT_ASSET_PATHS = "\"swiftproposals/Preview Content\"";
				DEVELOPMENT_TEAM = GGXD5E6AF8;
				ENABLE_HARDENED_RUNTIME = YES;
				ENABLE_PREVIEWS = YES;
				GENERATE_INFOPLIST_FILE = YES;
				"INFOPLIST_KEY_UIApplicationSceneManifest_Generation[sdk=iphoneos*]" = YES;
				"INFOPLIST_KEY_UIApplicationSceneManifest_Generation[sdk=iphonesimulator*]" = YES;
				"INFOPLIST_KEY_UIApplicationSupportsIndirectInputEvents[sdk=iphoneos*]" = YES;
				"INFOPLIST_KEY_UIApplicationSupportsIndirectInputEvents[sdk=iphonesimulator*]" = YES;
				"INFOPLIST_KEY_UILaunchScreen_Generation[sdk=iphoneos*]" = YES;
				"INFOPLIST_KEY_UILaunchScreen_Generation[sdk=iphonesimulator*]" = YES;
				"INFOPLIST_KEY_UIStatusBarStyle[sdk=iphoneos*]" = UIStatusBarStyleDefault;
				"INFOPLIST_KEY_UIStatusBarStyle[sdk=iphonesimulator*]" = UIStatusBarStyleDefault;
				INFOPLIST_KEY_UISupportedInterfaceOrientations_iPad = "UIInterfaceOrientationPortrait UIInterfaceOrientationPortraitUpsideDown UIInterfaceOrientationLandscapeLeft UIInterfaceOrientationLandscapeRight";
				INFOPLIST_KEY_UISupportedInterfaceOrientations_iPhone = "UIInterfaceOrientationPortrait UIInterfaceOrientationLandscapeLeft UIInterfaceOrientationLandscapeRight";
				IPHONEOS_DEPLOYMENT_TARGET = 17.0;
				LD_RUNPATH_SEARCH_PATHS = "@executable_path/Frameworks";
				"LD_RUNPATH_SEARCH_PATHS[sdk=macosx*]" = "@executable_path/../Frameworks";
				MACOSX_DEPLOYMENT_TARGET = 13.4;
				MARKETING_VERSION = 1.0;
				PRODUCT_BUNDLE_IDENTIFIER = laurentb.com.swiftproposals;
				PRODUCT_NAME = "$(TARGET_NAME)";
				SDKROOT = auto;
				SUPPORTED_PLATFORMS = "iphoneos iphonesimulator macosx";
				SWIFT_EMIT_LOC_STRINGS = YES;
				SWIFT_VERSION = 5.0;
				TARGETED_DEVICE_FAMILY = "1,2";
			};
			name = Release;
		};
		457508E62A88F4F8006B00AD /* Debug */ = {
			isa = XCBuildConfiguration;
			buildSettings = {
				ALWAYS_EMBED_SWIFT_STANDARD_LIBRARIES = YES;
				BUNDLE_LOADER = "$(TEST_HOST)";
				CODE_SIGN_STYLE = Automatic;
				CURRENT_PROJECT_VERSION = 1;
				DEVELOPMENT_TEAM = GGXD5E6AF8;
				GENERATE_INFOPLIST_FILE = YES;
				IPHONEOS_DEPLOYMENT_TARGET = 17.0;
				MACOSX_DEPLOYMENT_TARGET = 13.4;
				MARKETING_VERSION = 1.0;
				PRODUCT_BUNDLE_IDENTIFIER = laurentb.com.swiftproposalsTests;
				PRODUCT_NAME = "$(TARGET_NAME)";
				SDKROOT = auto;
				SUPPORTED_PLATFORMS = "iphoneos iphonesimulator macosx";
				SWIFT_EMIT_LOC_STRINGS = NO;
				SWIFT_VERSION = 5.0;
				TARGETED_DEVICE_FAMILY = "1,2";
				TEST_HOST = "$(BUILT_PRODUCTS_DIR)/swiftproposals.app/$(BUNDLE_EXECUTABLE_FOLDER_PATH)/swiftproposals";
			};
			name = Debug;
		};
		457508E72A88F4F8006B00AD /* Release */ = {
			isa = XCBuildConfiguration;
			buildSettings = {
				ALWAYS_EMBED_SWIFT_STANDARD_LIBRARIES = YES;
				BUNDLE_LOADER = "$(TEST_HOST)";
				CODE_SIGN_STYLE = Automatic;
				CURRENT_PROJECT_VERSION = 1;
				DEVELOPMENT_TEAM = GGXD5E6AF8;
				GENERATE_INFOPLIST_FILE = YES;
				IPHONEOS_DEPLOYMENT_TARGET = 17.0;
				MACOSX_DEPLOYMENT_TARGET = 13.4;
				MARKETING_VERSION = 1.0;
				PRODUCT_BUNDLE_IDENTIFIER = laurentb.com.swiftproposalsTests;
				PRODUCT_NAME = "$(TARGET_NAME)";
				SDKROOT = auto;
				SUPPORTED_PLATFORMS = "iphoneos iphonesimulator macosx";
				SWIFT_EMIT_LOC_STRINGS = NO;
				SWIFT_VERSION = 5.0;
				TARGETED_DEVICE_FAMILY = "1,2";
				TEST_HOST = "$(BUILT_PRODUCTS_DIR)/swiftproposals.app/$(BUNDLE_EXECUTABLE_FOLDER_PATH)/swiftproposals";
			};
			name = Release;
		};
		457508E92A88F4F8006B00AD /* Debug */ = {
			isa = XCBuildConfiguration;
			buildSettings = {
				ALWAYS_EMBED_SWIFT_STANDARD_LIBRARIES = YES;
				CODE_SIGN_STYLE = Automatic;
				CURRENT_PROJECT_VERSION = 1;
				DEVELOPMENT_TEAM = GGXD5E6AF8;
				GENERATE_INFOPLIST_FILE = YES;
				IPHONEOS_DEPLOYMENT_TARGET = 17.0;
				MACOSX_DEPLOYMENT_TARGET = 13.4;
				MARKETING_VERSION = 1.0;
				PRODUCT_BUNDLE_IDENTIFIER = laurentb.com.swiftproposalsUITests;
				PRODUCT_NAME = "$(TARGET_NAME)";
				SDKROOT = auto;
				SUPPORTED_PLATFORMS = "iphoneos iphonesimulator macosx";
				SWIFT_EMIT_LOC_STRINGS = NO;
				SWIFT_VERSION = 5.0;
				TARGETED_DEVICE_FAMILY = "1,2";
				TEST_TARGET_NAME = swiftproposals;
			};
			name = Debug;
		};
		457508EA2A88F4F8006B00AD /* Release */ = {
			isa = XCBuildConfiguration;
			buildSettings = {
				ALWAYS_EMBED_SWIFT_STANDARD_LIBRARIES = YES;
				CODE_SIGN_STYLE = Automatic;
				CURRENT_PROJECT_VERSION = 1;
				DEVELOPMENT_TEAM = GGXD5E6AF8;
				GENERATE_INFOPLIST_FILE = YES;
				IPHONEOS_DEPLOYMENT_TARGET = 17.0;
				MACOSX_DEPLOYMENT_TARGET = 13.4;
				MARKETING_VERSION = 1.0;
				PRODUCT_BUNDLE_IDENTIFIER = laurentb.com.swiftproposalsUITests;
				PRODUCT_NAME = "$(TARGET_NAME)";
				SDKROOT = auto;
				SUPPORTED_PLATFORMS = "iphoneos iphonesimulator macosx";
				SWIFT_EMIT_LOC_STRINGS = NO;
				SWIFT_VERSION = 5.0;
				TARGETED_DEVICE_FAMILY = "1,2";
				TEST_TARGET_NAME = swiftproposals;
			};
			name = Release;
		};
/* End XCBuildConfiguration section */

/* Begin XCConfigurationList section */
		457508B82A88F4F4006B00AD /* Build configuration list for PBXProject "swiftproposals" */ = {
			isa = XCConfigurationList;
			buildConfigurations = (
				457508E02A88F4F8006B00AD /* Debug */,
				457508E12A88F4F8006B00AD /* Release */,
			);
			defaultConfigurationIsVisible = 0;
			defaultConfigurationName = Release;
		};
		457508E22A88F4F8006B00AD /* Build configuration list for PBXNativeTarget "swiftproposals" */ = {
			isa = XCConfigurationList;
			buildConfigurations = (
				457508E32A88F4F8006B00AD /* Debug */,
				457508E42A88F4F8006B00AD /* Release */,
			);
			defaultConfigurationIsVisible = 0;
			defaultConfigurationName = Release;
		};
		457508E52A88F4F8006B00AD /* Build configuration list for PBXNativeTarget "swiftproposalsTests" */ = {
			isa = XCConfigurationList;
			buildConfigurations = (
				457508E62A88F4F8006B00AD /* Debug */,
				457508E72A88F4F8006B00AD /* Release */,
			);
			defaultConfigurationIsVisible = 0;
			defaultConfigurationName = Release;
		};
		457508E82A88F4F8006B00AD /* Build configuration list for PBXNativeTarget "swiftproposalsUITests" */ = {
			isa = XCConfigurationList;
			buildConfigurations = (
				457508E92A88F4F8006B00AD /* Debug */,
				457508EA2A88F4F8006B00AD /* Release */,
			);
			defaultConfigurationIsVisible = 0;
			defaultConfigurationName = Release;
		};
/* End XCConfigurationList section */
	};
	rootObject = 457508B52A88F4F4006B00AD /* Project object */;
}
